// !$*UTF8*$!
{
	archiveVersion = 1;
	classes = {
	};
	objectVersion = 56;
	objects = {

/* Begin PBXBuildFile section */
		B793C3882B713DEA008FE83B /* WeatherAppApp.swift in Sources */ = {isa = PBXBuildFile; fileRef = B793C3872B713DEA008FE83B /* WeatherAppApp.swift */; };
		B793C38A2B713DEA008FE83B /* MainScreen.swift in Sources */ = {isa = PBXBuildFile; fileRef = B793C3892B713DEA008FE83B /* MainScreen.swift */; };
		B793C38C2B713DEC008FE83B /* Assets.xcassets in Resources */ = {isa = PBXBuildFile; fileRef = B793C38B2B713DEC008FE83B /* Assets.xcassets */; };
		B793C38F2B713DEC008FE83B /* Preview Assets.xcassets in Resources */ = {isa = PBXBuildFile; fileRef = B793C38E2B713DEC008FE83B /* Preview Assets.xcassets */; };
		B793C3962B7140CE008FE83B /* MainCell.swift in Sources */ = {isa = PBXBuildFile; fileRef = B793C3952B7140CE008FE83B /* MainCell.swift */; };
		B793C39A2B7142FB008FE83B /* WeatherModel.swift in Sources */ = {isa = PBXBuildFile; fileRef = B793C3992B7142FB008FE83B /* WeatherModel.swift */; };
		B793C3A92B715368008FE83B /* NetworkManager.swift in Sources */ = {isa = PBXBuildFile; fileRef = B793C3A82B715368008FE83B /* NetworkManager.swift */; };
		B7B73BA52B715CCD0059863D /* WeatherViewModel.swift in Sources */ = {isa = PBXBuildFile; fileRef = B7B73BA42B715CCD0059863D /* WeatherViewModel.swift */; };
		B7B73BA92B716DB40059863D /* extension String+DateFormatter.swift in Sources */ = {isa = PBXBuildFile; fileRef = B7B73BA82B716DB40059863D /* extension String+DateFormatter.swift */; };
		B7B73BAB2B716E990059863D /* ImageViewModel.swift in Sources */ = {isa = PBXBuildFile; fileRef = B7B73BAA2B716E990059863D /* ImageViewModel.swift */; };
		B7B73BAD2B716F990059863D /* ImageView.swift in Sources */ = {isa = PBXBuildFile; fileRef = B7B73BAC2B716F990059863D /* ImageView.swift */; };
		B7B73BAF2B71720F0059863D /* DetailScreen.swift in Sources */ = {isa = PBXBuildFile; fileRef = B7B73BAE2B71720F0059863D /* DetailScreen.swift */; };
/* End PBXBuildFile section */

/* Begin PBXFileReference section */
		B793C3842B713DEA008FE83B /* WeatherApp.app */ = {isa = PBXFileReference; explicitFileType = wrapper.application; includeInIndex = 0; path = WeatherApp.app; sourceTree = BUILT_PRODUCTS_DIR; };
		B793C3872B713DEA008FE83B /* WeatherAppApp.swift */ = {isa = PBXFileReference; lastKnownFileType = sourcecode.swift; path = WeatherAppApp.swift; sourceTree = "<group>"; };
		B793C3892B713DEA008FE83B /* MainScreen.swift */ = {isa = PBXFileReference; lastKnownFileType = sourcecode.swift; path = MainScreen.swift; sourceTree = "<group>"; };
		B793C38B2B713DEC008FE83B /* Assets.xcassets */ = {isa = PBXFileReference; lastKnownFileType = folder.assetcatalog; path = Assets.xcassets; sourceTree = "<group>"; };
		B793C38E2B713DEC008FE83B /* Preview Assets.xcassets */ = {isa = PBXFileReference; lastKnownFileType = folder.assetcatalog; path = "Preview Assets.xcassets"; sourceTree = "<group>"; };
		B793C3952B7140CE008FE83B /* MainCell.swift */ = {isa = PBXFileReference; lastKnownFileType = sourcecode.swift; path = MainCell.swift; sourceTree = "<group>"; };
		B793C3992B7142FB008FE83B /* WeatherModel.swift */ = {isa = PBXFileReference; lastKnownFileType = sourcecode.swift; path = WeatherModel.swift; sourceTree = "<group>"; };
		B793C3A82B715368008FE83B /* NetworkManager.swift */ = {isa = PBXFileReference; lastKnownFileType = sourcecode.swift; path = NetworkManager.swift; sourceTree = "<group>"; };
		B7B73BA42B715CCD0059863D /* WeatherViewModel.swift */ = {isa = PBXFileReference; lastKnownFileType = sourcecode.swift; path = WeatherViewModel.swift; sourceTree = "<group>"; };
		B7B73BA62B715E380059863D /* Info.plist */ = {isa = PBXFileReference; lastKnownFileType = text.plist; path = Info.plist; sourceTree = "<group>"; };
		B7B73BA82B716DB40059863D /* extension String+DateFormatter.swift */ = {isa = PBXFileReference; lastKnownFileType = sourcecode.swift; path = "extension String+DateFormatter.swift"; sourceTree = "<group>"; };
		B7B73BAA2B716E990059863D /* ImageViewModel.swift */ = {isa = PBXFileReference; lastKnownFileType = sourcecode.swift; path = ImageViewModel.swift; sourceTree = "<group>"; };
		B7B73BAC2B716F990059863D /* ImageView.swift */ = {isa = PBXFileReference; lastKnownFileType = sourcecode.swift; path = ImageView.swift; sourceTree = "<group>"; };
		B7B73BAE2B71720F0059863D /* DetailScreen.swift */ = {isa = PBXFileReference; lastKnownFileType = sourcecode.swift; path = DetailScreen.swift; sourceTree = "<group>"; };
/* End PBXFileReference section */

/* Begin PBXFrameworksBuildPhase section */
		B793C3812B713DEA008FE83B /* Frameworks */ = {
			isa = PBXFrameworksBuildPhase;
			buildActionMask = 2147483647;
			files = (
			);
			runOnlyForDeploymentPostprocessing = 0;
		};
/* End PBXFrameworksBuildPhase section */

/* Begin PBXGroup section */
		B793C37B2B713DEA008FE83B = {
			isa = PBXGroup;
			children = (
				B793C3862B713DEA008FE83B /* WeatherApp */,
				B793C3852B713DEA008FE83B /* Products */,
			);
			sourceTree = "<group>";
		};
		B793C3852B713DEA008FE83B /* Products */ = {
			isa = PBXGroup;
			children = (
				B793C3842B713DEA008FE83B /* WeatherApp.app */,
			);
			name = Products;
			sourceTree = "<group>";
		};
		B793C3862B713DEA008FE83B /* WeatherApp */ = {
			isa = PBXGroup;
			children = (
				B7B73BA62B715E380059863D /* Info.plist */,
				B793C3872B713DEA008FE83B /* WeatherAppApp.swift */,
				B793C3A72B715319008FE83B /* ViewModels */,
				B793C3982B7142C9008FE83B /* Model */,
				B793C3972B7142BA008FE83B /* Views */,
				B7B73BA72B716D840059863D /* Extensions */,
				B793C38B2B713DEC008FE83B /* Assets.xcassets */,
				B793C38D2B713DEC008FE83B /* Preview Content */,
			);
			path = WeatherApp;
			sourceTree = "<group>";
		};
		B793C38D2B713DEC008FE83B /* Preview Content */ = {
			isa = PBXGroup;
			children = (
				B793C38E2B713DEC008FE83B /* Preview Assets.xcassets */,
			);
			path = "Preview Content";
			sourceTree = "<group>";
		};
		B793C3972B7142BA008FE83B /* Views */ = {
			isa = PBXGroup;
			children = (
				B793C3892B713DEA008FE83B /* MainScreen.swift */,
				B793C3952B7140CE008FE83B /* MainCell.swift */,
				B7B73BAC2B716F990059863D /* ImageView.swift */,
				B7B73BAE2B71720F0059863D /* DetailScreen.swift */,
			);
			path = Views;
			sourceTree = "<group>";
		};
		B793C3982B7142C9008FE83B /* Model */ = {
			isa = PBXGroup;
			children = (
				B793C3992B7142FB008FE83B /* WeatherModel.swift */,
			);
			path = Model;
			sourceTree = "<group>";
		};
		B793C3A72B715319008FE83B /* ViewModels */ = {
			isa = PBXGroup;
			children = (
				B793C3A82B715368008FE83B /* NetworkManager.swift */,
				B7B73BA42B715CCD0059863D /* WeatherViewModel.swift */,
				B7B73BAA2B716E990059863D /* ImageViewModel.swift */,
			);
			path = ViewModels;
			sourceTree = "<group>";
		};
		B7B73BA72B716D840059863D /* Extensions */ = {
			isa = PBXGroup;
			children = (
				B7B73BA82B716DB40059863D /* extension String+DateFormatter.swift */,
			);
			path = Extensions;
			sourceTree = "<group>";
		};
/* End PBXGroup section */

/* Begin PBXNativeTarget section */
		B793C3832B713DEA008FE83B /* WeatherApp */ = {
			isa = PBXNativeTarget;
			buildConfigurationList = B793C3922B713DEC008FE83B /* Build configuration list for PBXNativeTarget "WeatherApp" */;
			buildPhases = (
				B793C3802B713DEA008FE83B /* Sources */,
				B793C3812B713DEA008FE83B /* Frameworks */,
				B793C3822B713DEA008FE83B /* Resources */,
			);
			buildRules = (
			);
			dependencies = (
			);
			name = WeatherApp;
			productName = WeatherApp;
			productReference = B793C3842B713DEA008FE83B /* WeatherApp.app */;
			productType = "com.apple.product-type.application";
		};
/* End PBXNativeTarget section */

/* Begin PBXProject section */
		B793C37C2B713DEA008FE83B /* Project object */ = {
			isa = PBXProject;
			attributes = {
				BuildIndependentTargetsInParallel = 1;
				LastSwiftUpdateCheck = 1520;
				LastUpgradeCheck = 1520;
				TargetAttributes = {
					B793C3832B713DEA008FE83B = {
						CreatedOnToolsVersion = 15.2;
					};
				};
			};
			buildConfigurationList = B793C37F2B713DEA008FE83B /* Build configuration list for PBXProject "WeatherApp" */;
			compatibilityVersion = "Xcode 14.0";
			developmentRegion = en;
			hasScannedForEncodings = 0;
			knownRegions = (
				en,
				Base,
			);
			mainGroup = B793C37B2B713DEA008FE83B;
			productRefGroup = B793C3852B713DEA008FE83B /* Products */;
			projectDirPath = "";
			projectRoot = "";
			targets = (
				B793C3832B713DEA008FE83B /* WeatherApp */,
			);
		};
/* End PBXProject section */

/* Begin PBXResourcesBuildPhase section */
		B793C3822B713DEA008FE83B /* Resources */ = {
			isa = PBXResourcesBuildPhase;
			buildActionMask = 2147483647;
			files = (
				B793C38F2B713DEC008FE83B /* Preview Assets.xcassets in Resources */,
				B793C38C2B713DEC008FE83B /* Assets.xcassets in Resources */,
			);
			runOnlyForDeploymentPostprocessing = 0;
		};
/* End PBXResourcesBuildPhase section */

/* Begin PBXSourcesBuildPhase section */
		B793C3802B713DEA008FE83B /* Sources */ = {
			isa = PBXSourcesBuildPhase;
			buildActionMask = 2147483647;
			files = (
				B7B73BAF2B71720F0059863D /* DetailScreen.swift in Sources */,
				B793C38A2B713DEA008FE83B /* MainScreen.swift in Sources */,
				B7B73BA52B715CCD0059863D /* WeatherViewModel.swift in Sources */,
				B793C3882B713DEA008FE83B /* WeatherAppApp.swift in Sources */,
				B793C3A92B715368008FE83B /* NetworkManager.swift in Sources */,
				B793C39A2B7142FB008FE83B /* WeatherModel.swift in Sources */,
				B793C3962B7140CE008FE83B /* MainCell.swift in Sources */,
				B7B73BAD2B716F990059863D /* ImageView.swift in Sources */,
				B7B73BAB2B716E990059863D /* ImageViewModel.swift in Sources */,
				B7B73BA92B716DB40059863D /* extension String+DateFormatter.swift in Sources */,
			);
			runOnlyForDeploymentPostprocessing = 0;
		};
/* End PBXSourcesBuildPhase section */

/* Begin XCBuildConfiguration section */
		B793C3902B713DEC008FE83B /* Debug */ = {
			isa = XCBuildConfiguration;
			buildSettings = {
				ALWAYS_SEARCH_USER_PATHS = NO;
				ASSETCATALOG_COMPILER_GENERATE_SWIFT_ASSET_SYMBOL_EXTENSIONS = YES;
				CLANG_ANALYZER_NONNULL = YES;
				CLANG_ANALYZER_NUMBER_OBJECT_CONVERSION = YES_AGGRESSIVE;
				CLANG_CXX_LANGUAGE_STANDARD = "gnu++20";
				CLANG_ENABLE_MODULES = YES;
				CLANG_ENABLE_OBJC_ARC = YES;
				CLANG_ENABLE_OBJC_WEAK = YES;
				CLANG_WARN_BLOCK_CAPTURE_AUTORELEASING = YES;
				CLANG_WARN_BOOL_CONVERSION = YES;
				CLANG_WARN_COMMA = YES;
				CLANG_WARN_CONSTANT_CONVERSION = YES;
				CLANG_WARN_DEPRECATED_OBJC_IMPLEMENTATIONS = YES;
				CLANG_WARN_DIRECT_OBJC_ISA_USAGE = YES_ERROR;
				CLANG_WARN_DOCUMENTATION_COMMENTS = YES;
				CLANG_WARN_EMPTY_BODY = YES;
				CLANG_WARN_ENUM_CONVERSION = YES;
				CLANG_WARN_INFINITE_RECURSION = YES;
				CLANG_WARN_INT_CONVERSION = YES;
				CLANG_WARN_NON_LITERAL_NULL_CONVERSION = YES;
				CLANG_WARN_OBJC_IMPLICIT_RETAIN_SELF = YES;
				CLANG_WARN_OBJC_LITERAL_CONVERSION = YES;
				CLANG_WARN_OBJC_ROOT_CLASS = YES_ERROR;
				CLANG_WARN_QUOTED_INCLUDE_IN_FRAMEWORK_HEADER = YES;
				CLANG_WARN_RANGE_LOOP_ANALYSIS = YES;
				CLANG_WARN_STRICT_PROTOTYPES = YES;
				CLANG_WARN_SUSPICIOUS_MOVE = YES;
				CLANG_WARN_UNGUARDED_AVAILABILITY = YES_AGGRESSIVE;
				CLANG_WARN_UNREACHABLE_CODE = YES;
				CLANG_WARN__DUPLICATE_METHOD_MATCH = YES;
				COPY_PHASE_STRIP = NO;
				DEBUG_INFORMATION_FORMAT = dwarf;
				ENABLE_STRICT_OBJC_MSGSEND = YES;
				ENABLE_TESTABILITY = YES;
				ENABLE_USER_SCRIPT_SANDBOXING = YES;
				GCC_C_LANGUAGE_STANDARD = gnu17;
				GCC_DYNAMIC_NO_PIC = NO;
				GCC_NO_COMMON_BLOCKS = YES;
				GCC_OPTIMIZATION_LEVEL = 0;
				GCC_PREPROCESSOR_DEFINITIONS = (
					"DEBUG=1",
					"$(inherited)",
				);
				GCC_WARN_64_TO_32_BIT_CONVERSION = YES;
				GCC_WARN_ABOUT_RETURN_TYPE = YES_ERROR;
				GCC_WARN_UNDECLARED_SELECTOR = YES;
				GCC_WARN_UNINITIALIZED_AUTOS = YES_AGGRESSIVE;
				GCC_WARN_UNUSED_FUNCTION = YES;
				GCC_WARN_UNUSED_VARIABLE = YES;
				IPHONEOS_DEPLOYMENT_TARGET = 17.2;
				LOCALIZATION_PREFERS_STRING_CATALOGS = YES;
				MTL_ENABLE_DEBUG_INFO = INCLUDE_SOURCE;
				MTL_FAST_MATH = YES;
				ONLY_ACTIVE_ARCH = YES;
				SDKROOT = iphoneos;
				SWIFT_ACTIVE_COMPILATION_CONDITIONS = "DEBUG $(inherited)";
				SWIFT_OPTIMIZATION_LEVEL = "-Onone";
			};
			name = Debug;
		};
		B793C3912B713DEC008FE83B /* Release */ = {
			isa = XCBuildConfiguration;
			buildSettings = {
				ALWAYS_SEARCH_USER_PATHS = NO;
				ASSETCATALOG_COMPILER_GENERATE_SWIFT_ASSET_SYMBOL_EXTENSIONS = YES;
				CLANG_ANALYZER_NONNULL = YES;
				CLANG_ANALYZER_NUMBER_OBJECT_CONVERSION = YES_AGGRESSIVE;
				CLANG_CXX_LANGUAGE_STANDARD = "gnu++20";
				CLANG_ENABLE_MODULES = YES;
				CLANG_ENABLE_OBJC_ARC = YES;
				CLANG_ENABLE_OBJC_WEAK = YES;
				CLANG_WARN_BLOCK_CAPTURE_AUTORELEASING = YES;
				CLANG_WARN_BOOL_CONVERSION = YES;
				CLANG_WARN_COMMA = YES;
				CLANG_WARN_CONSTANT_CONVERSION = YES;
				CLANG_WARN_DEPRECATED_OBJC_IMPLEMENTATIONS = YES;
				CLANG_WARN_DIRECT_OBJC_ISA_USAGE = YES_ERROR;
				CLANG_WARN_DOCUMENTATION_COMMENTS = YES;
				CLANG_WARN_EMPTY_BODY = YES;
				CLANG_WARN_ENUM_CONVERSION = YES;
				CLANG_WARN_INFINITE_RECURSION = YES;
				CLANG_WARN_INT_CONVERSION = YES;
				CLANG_WARN_NON_LITERAL_NULL_CONVERSION = YES;
				CLANG_WARN_OBJC_IMPLICIT_RETAIN_SELF = YES;
				CLANG_WARN_OBJC_LITERAL_CONVERSION = YES;
				CLANG_WARN_OBJC_ROOT_CLASS = YES_ERROR;
				CLANG_WARN_QUOTED_INCLUDE_IN_FRAMEWORK_HEADER = YES;
				CLANG_WARN_RANGE_LOOP_ANALYSIS = YES;
				CLANG_WARN_STRICT_PROTOTYPES = YES;
				CLANG_WARN_SUSPICIOUS_MOVE = YES;
				CLANG_WARN_UNGUARDED_AVAILABILITY = YES_AGGRESSIVE;
				CLANG_WARN_UNREACHABLE_CODE = YES;
				CLANG_WARN__DUPLICATE_METHOD_MATCH = YES;
				COPY_PHASE_STRIP = NO;
				DEBUG_INFORMATION_FORMAT = "dwarf-with-dsym";
				ENABLE_NS_ASSERTIONS = NO;
				ENABLE_STRICT_OBJC_MSGSEND = YES;
				ENABLE_USER_SCRIPT_SANDBOXING = YES;
				GCC_C_LANGUAGE_STANDARD = gnu17;
				GCC_NO_COMMON_BLOCKS = YES;
				GCC_WARN_64_TO_32_BIT_CONVERSION = YES;
				GCC_WARN_ABOUT_RETURN_TYPE = YES_ERROR;
				GCC_WARN_UNDECLARED_SELECTOR = YES;
				GCC_WARN_UNINITIALIZED_AUTOS = YES_AGGRESSIVE;
				GCC_WARN_UNUSED_FUNCTION = YES;
				GCC_WARN_UNUSED_VARIABLE = YES;
				IPHONEOS_DEPLOYMENT_TARGET = 17.2;
				LOCALIZATION_PREFERS_STRING_CATALOGS = YES;
				MTL_ENABLE_DEBUG_INFO = NO;
				MTL_FAST_MATH = YES;
				SDKROOT = iphoneos;
				SWIFT_COMPILATION_MODE = wholemodule;
				VALIDATE_PRODUCT = YES;
			};
			name = Release;
		};
		B793C3932B713DEC008FE83B /* Debug */ = {
			isa = XCBuildConfiguration;
			buildSettings = {
				ASSETCATALOG_COMPILER_APPICON_NAME = AppIcon;
				ASSETCATALOG_COMPILER_GLOBAL_ACCENT_COLOR_NAME = AccentColor;
				CODE_SIGN_STYLE = Automatic;
				CURRENT_PROJECT_VERSION = 1;
				DEVELOPMENT_ASSET_PATHS = "\"WeatherApp/Preview Content\"";
				DEVELOPMENT_TEAM = 5GR8WF3325;
				ENABLE_PREVIEWS = YES;
				GENERATE_INFOPLIST_FILE = YES;
				INFOPLIST_FILE = WeatherApp/Info.plist;
				INFOPLIST_KEY_UIApplicationSupportsIndirectInputEvents = YES;
				INFOPLIST_KEY_UILaunchScreen_Generation = YES;
				INFOPLIST_KEY_UISupportedInterfaceOrientations_iPad = "UIInterfaceOrientationPortrait UIInterfaceOrientationPortraitUpsideDown UIInterfaceOrientationLandscapeLeft UIInterfaceOrientationLandscapeRight";
				INFOPLIST_KEY_UISupportedInterfaceOrientations_iPhone = "UIInterfaceOrientationPortrait UIInterfaceOrientationLandscapeLeft UIInterfaceOrientationLandscapeRight";
				LD_RUNPATH_SEARCH_PATHS = (
					"$(inherited)",
					"@executable_path/Frameworks",
				);
				MARKETING_VERSION = 1.0;
				PRODUCT_BUNDLE_IDENTIFIER = Louise.WeatherApp;
				PRODUCT_NAME = "$(TARGET_NAME)";
				SWIFT_EMIT_LOC_STRINGS = YES;
				SWIFT_VERSION = 5.0;
				TARGETED_DEVICE_FAMILY = "1,2";
			};
			name = Debug;
		};
		B793C3942B713DEC008FE83B /* Release */ = {
			isa = XCBuildConfiguration;
			buildSettings = {
				ASSETCATALOG_COMPILER_APPICON_NAME = AppIcon;
				ASSETCATALOG_COMPILER_GLOBAL_ACCENT_COLOR_NAME = AccentColor;
				CODE_SIGN_STYLE = Automatic;
				CURRENT_PROJECT_VERSION = 1;
				DEVELOPMENT_ASSET_PATHS = "\"WeatherApp/Preview Content\"";
				DEVELOPMENT_TEAM = 5GR8WF3325;
				ENABLE_PREVIEWS = YES;
				GENERATE_INFOPLIST_FILE = YES;
				INFOPLIST_FILE = WeatherApp/Info.plist;
				INFOPLIST_KEY_UIApplicationSupportsIndirectInputEvents = YES;
				INFOPLIST_KEY_UILaunchScreen_Generation = YES;
				INFOPLIST_KEY_UISupportedInterfaceOrientations_iPad = "UIInterfaceOrientationPortrait UIInterfaceOrientationPortraitUpsideDown UIInterfaceOrientationLandscapeLeft UIInterfaceOrientationLandscapeRight";
				INFOPLIST_KEY_UISupportedInterfaceOrientations_iPhone = "UIInterfaceOrientationPortrait UIInterfaceOrientationLandscapeLeft UIInterfaceOrientationLandscapeRight";
				LD_RUNPATH_SEARCH_PATHS = (
					"$(inherited)",
					"@executable_path/Frameworks",
				);
				MARKETING_VERSION = 1.0;
				PRODUCT_BUNDLE_IDENTIFIER = Louise.WeatherApp;
				PRODUCT_NAME = "$(TARGET_NAME)";
				SWIFT_EMIT_LOC_STRINGS = YES;
				SWIFT_VERSION = 5.0;
				TARGETED_DEVICE_FAMILY = "1,2";
			};
			name = Release;
		};
/* End XCBuildConfiguration section */

/* Begin XCConfigurationList section */
		B793C37F2B713DEA008FE83B /* Build configuration list for PBXProject "WeatherApp" */ = {
			isa = XCConfigurationList;
			buildConfigurations = (
				B793C3902B713DEC008FE83B /* Debug */,
				B793C3912B713DEC008FE83B /* Release */,
			);
			defaultConfigurationIsVisible = 0;
			defaultConfigurationName = Release;
		};
		B793C3922B713DEC008FE83B /* Build configuration list for PBXNativeTarget "WeatherApp" */ = {
			isa = XCConfigurationList;
			buildConfigurations = (
				B793C3932B713DEC008FE83B /* Debug */,
				B793C3942B713DEC008FE83B /* Release */,
			);
			defaultConfigurationIsVisible = 0;
			defaultConfigurationName = Release;
		};
/* End XCConfigurationList section */
	};
	rootObject = B793C37C2B713DEA008FE83B /* Project object */;
}
